
Microsoft Visual Studio Solution File, Format Version 12.00
# Visual Studio Version 17
VisualStudioVersion = 17.10.34928.147
MinimumVisualStudioVersion = 10.0.40219.1
Project("{FAE04EC0-301F-11D3-BF4B-00C04F79EFBC}") = "ExpenseManager", "ExpenseManager\ExpenseManager.csproj", "{DBFDC0C4-3DF3-4389-809F-40AA17F383B0}"
EndProject
Global
	GlobalSection(SolutionConfigurationPlatforms) = preSolution
		Debug|Any CPU = Debug|Any CPU
		Release|Any CPU = Release|Any CPU
	EndGlobalSection
	GlobalSection(ProjectConfigurationPlatforms) = postSolution
		{DBFDC0C4-3DF3-4389-809F-40AA17F383B0}.Debug|Any CPU.ActiveCfg = Debug|Any CPU
		{DBFDC0C4-3DF3-4389-809F-40AA17F383B0}.Debug|Any CPU.Build.0 = Debug|Any CPU
		{DBFDC0C4-3DF3-4389-809F-40AA17F383B0}.Release|Any CPU.ActiveCfg = Release|Any CPU
		{DBFDC0C4-3DF3-4389-809F-40AA17F383B0}.Release|Any CPU.Build.0 = Release|Any CPU
	EndGlobalSection
	GlobalSection(SolutionProperties) = preSolution
		HideSolutionNode = FALSE
	EndGlobalSection
	GlobalSection(ExtensibilityGlobals) = postSolution
		SolutionGuid = {1A4B86F0-6825-4535-A226-85D5F0CCEBD5}
	EndGlobalSection
EndGlobal
